
Microsoft Visual Studio Solution File, Format Version 12.00
# Visual Studio Version 17
VisualStudioVersion = 17.5.33414.496
MinimumVisualStudioVersion = 10.0.40219.1
Project("{FAE04EC0-301F-11D3-BF4B-00C04F79EFBC}") = "WpfApp1", "WpfApp1.csproj", "{1BAB5C6B-AE94-4E83-A149-2426245D2807}"
EndProject
Global
	GlobalSection(SolutionConfigurationPlatforms) = preSolution
		Debug|Any CPU = Debug|Any CPU
		Release|Any CPU = Release|Any CPU
	EndGlobalSection
	GlobalSection(ProjectConfigurationPlatforms) = postSolution
		{1BAB5C6B-AE94-4E83-A149-2426245D2807}.Debug|Any CPU.ActiveCfg = Debug|Any CPU
		{1BAB5C6B-AE94-4E83-A149-2426245D2807}.Debug|Any CPU.Build.0 = Debug|Any CPU
		{1BAB5C6B-AE94-4E83-A149-2426245D2807}.Release|Any CPU.ActiveCfg = Release|Any CPU
		{1BAB5C6B-AE94-4E83-A149-2426245D2807}.Release|Any CPU.Build.0 = Release|Any CPU
	EndGlobalSection
	GlobalSection(SolutionProperties) = preSolution
		HideSolutionNode = FALSE
	EndGlobalSection
	GlobalSection(ExtensibilityGlobals) = postSolution
		SolutionGuid = {F8E0DE7F-7828-40AA-B537-F5946EEB93B9}
	EndGlobalSection
EndGlobal
